
Microsoft Visual Studio Solution File, Format Version 12.00
# Visual Studio Version 17
VisualStudioVersion = 17.5.002.0
MinimumVisualStudioVersion = 10.0.40219.1
Project("{9A19103F-16F7-4668-BE54-9A1E7A4F7556}") = "Nova pasta", "Nova pasta.csproj", "{DBF3EEB4-FE2C-482E-9624-FE283222CB3C}"
EndProject
Global
	GlobalSection(SolutionConfigurationPlatforms) = preSolution
		Debug|Any CPU = Debug|Any CPU
		Release|Any CPU = Release|Any CPU
	EndGlobalSection
	GlobalSection(ProjectConfigurationPlatforms) = postSolution
		{DBF3EEB4-FE2C-482E-9624-FE283222CB3C}.Debug|Any CPU.ActiveCfg = Debug|Any CPU
		{DBF3EEB4-FE2C-482E-9624-FE283222CB3C}.Debug|Any CPU.Build.0 = Debug|Any CPU
		{DBF3EEB4-FE2C-482E-9624-FE283222CB3C}.Release|Any CPU.ActiveCfg = Release|Any CPU
		{DBF3EEB4-FE2C-482E-9624-FE283222CB3C}.Release|Any CPU.Build.0 = Release|Any CPU
	EndGlobalSection
	GlobalSection(SolutionProperties) = preSolution
		HideSolutionNode = FALSE
	EndGlobalSection
	GlobalSection(ExtensibilityGlobals) = postSolution
		SolutionGuid = {54CF8545-55CA-4914-ABE7-5986D85566CF}
	EndGlobalSection
EndGlobal
